// !$*UTF8*$!
{
	archiveVersion = 1;
	classes = {
	};
	objectVersion = 45;
	objects = {

/* Begin PBXBuildFile section */
		1D3623260D0F684500981E51 /* BucketViewAppDelegate.m in Sources */ = {isa = PBXBuildFile; fileRef = 1D3623250D0F684500981E51 /* BucketViewAppDelegate.m */; };
		1D60589B0D05DD56006BFB54 /* main.m in Sources */ = {isa = PBXBuildFile; fileRef = 29B97316FDCFA39411CA2CEA /* main.m */; };
		1D60589F0D05DD5A006BFB54 /* Foundation.framework in Frameworks */ = {isa = PBXBuildFile; fileRef = 1D30AB110D05D00D00671497 /* Foundation.framework */; };
		1DF5F4E00D08C38300B7A737 /* UIKit.framework in Frameworks */ = {isa = PBXBuildFile; fileRef = 1DF5F4DF0D08C38300B7A737 /* UIKit.framework */; };
		280E754D0DD40C5E005A515E /* FlipsideView.xib in Resources */ = {isa = PBXBuildFile; fileRef = 280E754A0DD40C5E005A515E /* FlipsideView.xib */; };
		280E754E0DD40C5E005A515E /* MainView.xib in Resources */ = {isa = PBXBuildFile; fileRef = 280E754B0DD40C5E005A515E /* MainView.xib */; };
		280E754F0DD40C5E005A515E /* MainWindow.xib in Resources */ = {isa = PBXBuildFile; fileRef = 280E754C0DD40C5E005A515E /* MainWindow.xib */; };
		288765590DF743DE002DB57D /* CoreGraphics.framework in Frameworks */ = {isa = PBXBuildFile; fileRef = 288765580DF743DE002DB57D /* CoreGraphics.framework */; };
		289233A60DB2D0840083E9F9 /* FlipsideView.m in Sources */ = {isa = PBXBuildFile; fileRef = 289233A30DB2D0840083E9F9 /* FlipsideView.m */; };
		289233A70DB2D0840083E9F9 /* MainView.m in Sources */ = {isa = PBXBuildFile; fileRef = 289233A50DB2D0840083E9F9 /* MainView.m */; };
		289233AE0DB2D0DB0083E9F9 /* MainViewController.m in Sources */ = {isa = PBXBuildFile; fileRef = 289233A90DB2D0DB0083E9F9 /* MainViewController.m */; };
		289233B00DB2D0DB0083E9F9 /* FlipsideViewController.m in Sources */ = {isa = PBXBuildFile; fileRef = 289233AD0DB2D0DB0083E9F9 /* FlipsideViewController.m */; };
		EA24174D106D214B00DBAFF1 /* SFHFKeychainUtils.m in Sources */ = {isa = PBXBuildFile; fileRef = EA24174C106D214B00DBAFF1 /* SFHFKeychainUtils.m */; };
		EA3FAE4F106D3FDC00EAD182 /* Entitlements.plist in Resources */ = {isa = PBXBuildFile; fileRef = EA3FAE4E106D3FDC00EAD182 /* Entitlements.plist */; };
		EA65A55E1088BDA600C93F08 /* FileUtil.m in Sources */ = {isa = PBXBuildFile; fileRef = EA65A55D1088BDA600C93F08 /* FileUtil.m */; };
		EA6CFC990FFE9BE500718304 /* Connection.m in Sources */ = {isa = PBXBuildFile; fileRef = EA6CFC4E0FFE9BE400718304 /* Connection.m */; };
		EA6CFC9A0FFE9BE500718304 /* ConnectionDelegate.m in Sources */ = {isa = PBXBuildFile; fileRef = EA6CFC500FFE9BE500718304 /* ConnectionDelegate.m */; };
		EA6CFC9B0FFE9BE500718304 /* NSHTTPURLResponse+Error.m in Sources */ = {isa = PBXBuildFile; fileRef = EA6CFC520FFE9BE500718304 /* NSHTTPURLResponse+Error.m */; };
		EA6CFC9C0FFE9BE500718304 /* NSMutableURLRequest+ResponseType.m in Sources */ = {isa = PBXBuildFile; fileRef = EA6CFC540FFE9BE500718304 /* NSMutableURLRequest+ResponseType.m */; };
		EA6CFC9D0FFE9BE500718304 /* NSObject+ObjectiveResource.m in Sources */ = {isa = PBXBuildFile; fileRef = EA6CFC560FFE9BE500718304 /* NSObject+ObjectiveResource.m */; };
		EA6CFC9E0FFE9BE500718304 /* NSString+InflectionSupport.m in Sources */ = {isa = PBXBuildFile; fileRef = EA6CFC5C0FFE9BE500718304 /* NSString+InflectionSupport.m */; };
		EA6CFC9F0FFE9BE500718304 /* NSData+Additions.m in Sources */ = {isa = PBXBuildFile; fileRef = EA6CFC5E0FFE9BE500718304 /* NSData+Additions.m */; };
		EA6CFCA00FFE9BE500718304 /* NSObject+PropertySupport.m in Sources */ = {isa = PBXBuildFile; fileRef = EA6CFC600FFE9BE500718304 /* NSObject+PropertySupport.m */; };
		EA6CFCA10FFE9BE500718304 /* NSString+GSub.m in Sources */ = {isa = PBXBuildFile; fileRef = EA6CFC620FFE9BE500718304 /* NSString+GSub.m */; };
		EA6CFCA20FFE9BE500718304 /* ObjectiveResourceDateFormatter.m in Sources */ = {isa = PBXBuildFile; fileRef = EA6CFC640FFE9BE500718304 /* ObjectiveResourceDateFormatter.m */; };
		EA6CFCA30FFE9BE500718304 /* NSObject+SBJSON.m in Sources */ = {isa = PBXBuildFile; fileRef = EA6CFC690FFE9BE500718304 /* NSObject+SBJSON.m */; };
		EA6CFCA40FFE9BE500718304 /* NSString+SBJSON.m in Sources */ = {isa = PBXBuildFile; fileRef = EA6CFC6B0FFE9BE500718304 /* NSString+SBJSON.m */; };
		EA6CFCA50FFE9BE500718304 /* SBJSON.m in Sources */ = {isa = PBXBuildFile; fileRef = EA6CFC6D0FFE9BE500718304 /* SBJSON.m */; };
		EA6CFCA60FFE9BE500718304 /* NSArray+JSONSerializableSupport.m in Sources */ = {isa = PBXBuildFile; fileRef = EA6CFC730FFE9BE500718304 /* NSArray+JSONSerializableSupport.m */; };
		EA6CFCA70FFE9BE500718304 /* NSDictionary+JSONSerializableSupport.m in Sources */ = {isa = PBXBuildFile; fileRef = EA6CFC750FFE9BE500718304 /* NSDictionary+JSONSerializableSupport.m */; };
		EA6CFCA80FFE9BE500718304 /* NSObject+JSONSerializableSupport.m in Sources */ = {isa = PBXBuildFile; fileRef = EA6CFC770FFE9BE500718304 /* NSObject+JSONSerializableSupport.m */; };
		EA6CFCA90FFE9BE500718304 /* NSDate+Serialize.m in Sources */ = {isa = PBXBuildFile; fileRef = EA6CFC790FFE9BE500718304 /* NSDate+Serialize.m */; };
		EA6CFCAA0FFE9BE500718304 /* NSDictionary+KeyTranslation.m in Sources */ = {isa = PBXBuildFile; fileRef = EA6CFC7B0FFE9BE500718304 /* NSDictionary+KeyTranslation.m */; };
		EA6CFCAB0FFE9BE500718304 /* NSObject+Serialize.m in Sources */ = {isa = PBXBuildFile; fileRef = EA6CFC7D0FFE9BE500718304 /* NSObject+Serialize.m */; };
		EA6CFCAC0FFE9BE500718304 /* NSString+Serialize.m in Sources */ = {isa = PBXBuildFile; fileRef = EA6CFC7F0FFE9BE500718304 /* NSString+Serialize.m */; };
		EA6CFCAD0FFE9BE500718304 /* FromXMLElementDelegate.m in Sources */ = {isa = PBXBuildFile; fileRef = EA6CFC830FFE9BE500718304 /* FromXMLElementDelegate.m */; };
		EA6CFCAE0FFE9BE500718304 /* NSArray+XMLSerializableSupport.m in Sources */ = {isa = PBXBuildFile; fileRef = EA6CFC850FFE9BE500718304 /* NSArray+XMLSerializableSupport.m */; };
		EA6CFCAF0FFE9BE500718304 /* NSDate+XMLSerializableSupport.m in Sources */ = {isa = PBXBuildFile; fileRef = EA6CFC870FFE9BE500718304 /* NSDate+XMLSerializableSupport.m */; };
		EA6CFCB00FFE9BE500718304 /* NSDictionary+XMLSerializableSupport.m in Sources */ = {isa = PBXBuildFile; fileRef = EA6CFC890FFE9BE500718304 /* NSDictionary+XMLSerializableSupport.m */; };
		EA6CFCB10FFE9BE500718304 /* NSNull+XMLSerializableSupport.m in Sources */ = {isa = PBXBuildFile; fileRef = EA6CFC8B0FFE9BE500718304 /* NSNull+XMLSerializableSupport.m */; };
		EA6CFCB20FFE9BE500718304 /* NSNumber+XMLSerializableSupport.m in Sources */ = {isa = PBXBuildFile; fileRef = EA6CFC8D0FFE9BE500718304 /* NSNumber+XMLSerializableSupport.m */; };
		EA6CFCB30FFE9BE500718304 /* NSObject+XMLSerializableSupport.m in Sources */ = {isa = PBXBuildFile; fileRef = EA6CFC8F0FFE9BE500718304 /* NSObject+XMLSerializableSupport.m */; };
		EA6CFCB40FFE9BE500718304 /* NSString+XMLSerializableSupport.m in Sources */ = {isa = PBXBuildFile; fileRef = EA6CFC910FFE9BE500718304 /* NSString+XMLSerializableSupport.m */; };
		EA6CFCB50FFE9BE500718304 /* ObjectiveResourceConfig.m in Sources */ = {isa = PBXBuildFile; fileRef = EA6CFC960FFE9BE500718304 /* ObjectiveResourceConfig.m */; };
		EA6CFCB60FFE9BE500718304 /* Response.m in Sources */ = {isa = PBXBuildFile; fileRef = EA6CFC980FFE9BE500718304 /* Response.m */; };
		EA860A31106CF286003F47AE /* UserInfo.m in Sources */ = {isa = PBXBuildFile; fileRef = EA860A30106CF286003F47AE /* UserInfo.m */; };
		EA93FBD8106AB3470074E008 /* Icon.png in Resources */ = {isa = PBXBuildFile; fileRef = EA93FBD7106AB3470074E008 /* Icon.png */; };
		EAA9D8AF106ACB600062605D /* Account.m in Sources */ = {isa = PBXBuildFile; fileRef = EAA9D8AC106ACB600062605D /* Account.m */; };
		EAA9D8B0106ACB600062605D /* Bucket.m in Sources */ = {isa = PBXBuildFile; fileRef = EAA9D8AE106ACB600062605D /* Bucket.m */; };
		EAA9D8B3106ACB6E0062605D /* Subscription.m in Sources */ = {isa = PBXBuildFile; fileRef = EAA9D8B2106ACB6E0062605D /* Subscription.m */; };
		EAA9D8B6106ACB7C0062605D /* NSString+Util.m in Sources */ = {isa = PBXBuildFile; fileRef = EAA9D8B5106ACB7C0062605D /* NSString+Util.m */; };
		EAB68CC9106D1EAF0094DCCC /* Security.framework in Frameworks */ = {isa = PBXBuildFile; fileRef = EAB68CC8106D1EAF0094DCCC /* Security.framework */; };
/* End PBXBuildFile section */

/* Begin PBXFileReference section */
		1D30AB110D05D00D00671497 /* Foundation.framework */ = {isa = PBXFileReference; lastKnownFileType = wrapper.framework; name = Foundation.framework; path = System/Library/Frameworks/Foundation.framework; sourceTree = SDKROOT; };
		1D3623240D0F684500981E51 /* BucketViewAppDelegate.h */ = {isa = PBXFileReference; fileEncoding = 4; lastKnownFileType = sourcecode.c.h; path = BucketViewAppDelegate.h; sourceTree = "<group>"; };
		1D3623250D0F684500981E51 /* BucketViewAppDelegate.m */ = {isa = PBXFileReference; fileEncoding = 4; lastKnownFileType = sourcecode.c.objc; path = BucketViewAppDelegate.m; sourceTree = "<group>"; };
		1D6058910D05DD3D006BFB54 /* BucketView.app */ = {isa = PBXFileReference; explicitFileType = wrapper.application; includeInIndex = 0; path = BucketView.app; sourceTree = BUILT_PRODUCTS_DIR; };
		1DF5F4DF0D08C38300B7A737 /* UIKit.framework */ = {isa = PBXFileReference; lastKnownFileType = wrapper.framework; name = UIKit.framework; path = System/Library/Frameworks/UIKit.framework; sourceTree = SDKROOT; };
		280E754A0DD40C5E005A515E /* FlipsideView.xib */ = {isa = PBXFileReference; lastKnownFileType = file.xib; path = FlipsideView.xib; sourceTree = "<group>"; };
		280E754B0DD40C5E005A515E /* MainView.xib */ = {isa = PBXFileReference; lastKnownFileType = file.xib; path = MainView.xib; sourceTree = "<group>"; };
		280E754C0DD40C5E005A515E /* MainWindow.xib */ = {isa = PBXFileReference; lastKnownFileType = file.xib; path = MainWindow.xib; sourceTree = "<group>"; };
		288765580DF743DE002DB57D /* CoreGraphics.framework */ = {isa = PBXFileReference; lastKnownFileType = wrapper.framework; name = CoreGraphics.framework; path = System/Library/Frameworks/CoreGraphics.framework; sourceTree = SDKROOT; };
		289233A20DB2D0840083E9F9 /* FlipsideView.h */ = {isa = PBXFileReference; fileEncoding = 4; lastKnownFileType = sourcecode.c.h; name = FlipsideView.h; path = Classes/FlipsideView.h; sourceTree = "<group>"; };
		289233A30DB2D0840083E9F9 /* FlipsideView.m */ = {isa = PBXFileReference; fileEncoding = 4; lastKnownFileType = sourcecode.c.objc; name = FlipsideView.m; path = Classes/FlipsideView.m; sourceTree = "<group>"; };
		289233A40DB2D0840083E9F9 /* MainView.h */ = {isa = PBXFileReference; fileEncoding = 4; lastKnownFileType = sourcecode.c.h; name = MainView.h; path = Classes/MainView.h; sourceTree = "<group>"; };
		289233A50DB2D0840083E9F9 /* MainView.m */ = {isa = PBXFileReference; fileEncoding = 4; lastKnownFileType = sourcecode.c.objc; name = MainView.m; path = Classes/MainView.m; sourceTree = "<group>"; };
		289233A80DB2D0DB0083E9F9 /* MainViewController.h */ = {isa = PBXFileReference; fileEncoding = 4; lastKnownFileType = sourcecode.c.h; name = MainViewController.h; path = Classes/MainViewController.h; sourceTree = "<group>"; };
		289233A90DB2D0DB0083E9F9 /* MainViewController.m */ = {isa = PBXFileReference; fileEncoding = 4; lastKnownFileType = sourcecode.c.objc; name = MainViewController.m; path = Classes/MainViewController.m; sourceTree = "<group>"; };
		289233AC0DB2D0DB0083E9F9 /* FlipsideViewController.h */ = {isa = PBXFileReference; fileEncoding = 4; lastKnownFileType = sourcecode.c.h; name = FlipsideViewController.h; path = Classes/FlipsideViewController.h; sourceTree = "<group>"; };
		289233AD0DB2D0DB0083E9F9 /* FlipsideViewController.m */ = {isa = PBXFileReference; fileEncoding = 4; lastKnownFileType = sourcecode.c.objc; name = FlipsideViewController.m; path = Classes/FlipsideViewController.m; sourceTree = "<group>"; };
		29B97316FDCFA39411CA2CEA /* main.m */ = {isa = PBXFileReference; fileEncoding = 4; lastKnownFileType = sourcecode.c.objc; path = main.m; sourceTree = "<group>"; };
		32CA4F630368D1EE00C91783 /* BucketView_Prefix.pch */ = {isa = PBXFileReference; fileEncoding = 4; lastKnownFileType = sourcecode.c.h; path = BucketView_Prefix.pch; sourceTree = "<group>"; };
		8D1107310486CEB800E47090 /* BucketView-Info.plist */ = {isa = PBXFileReference; fileEncoding = 4; lastKnownFileType = text.plist.xml; path = "BucketView-Info.plist"; plistStructureDefinitionIdentifier = "com.apple.xcode.plist.structure-definition.iphone.info-plist"; sourceTree = "<group>"; };
		EA24174B106D214B00DBAFF1 /* SFHFKeychainUtils.h */ = {isa = PBXFileReference; fileEncoding = 4; lastKnownFileType = sourcecode.c.h; name = SFHFKeychainUtils.h; path = Classes/SFHFKeychainUtils.h; sourceTree = "<group>"; };
		EA24174C106D214B00DBAFF1 /* SFHFKeychainUtils.m */ = {isa = PBXFileReference; fileEncoding = 4; lastKnownFileType = sourcecode.c.objc; name = SFHFKeychainUtils.m; path = Classes/SFHFKeychainUtils.m; sourceTree = "<group>"; };
		EA3FAE4E106D3FDC00EAD182 /* Entitlements.plist */ = {isa = PBXFileReference; fileEncoding = 4; lastKnownFileType = text.plist.xml; path = Entitlements.plist; sourceTree = "<group>"; };
		EA65A55C1088BDA600C93F08 /* FileUtil.h */ = {isa = PBXFileReference; fileEncoding = 4; lastKnownFileType = sourcecode.c.h; path = FileUtil.h; sourceTree = "<group>"; };
		EA65A55D1088BDA600C93F08 /* FileUtil.m */ = {isa = PBXFileReference; fileEncoding = 4; lastKnownFileType = sourcecode.c.objc; path = FileUtil.m; sourceTree = "<group>"; };
		EA6CFC4D0FFE9BE400718304 /* Connection.h */ = {isa = PBXFileReference; fileEncoding = 4; lastKnownFileType = sourcecode.c.h; path = Connection.h; sourceTree = "<group>"; };
		EA6CFC4E0FFE9BE400718304 /* Connection.m */ = {isa = PBXFileReference; fileEncoding = 4; lastKnownFileType = sourcecode.c.objc; path = Connection.m; sourceTree = "<group>"; };
		EA6CFC4F0FFE9BE400718304 /* ConnectionDelegate.h */ = {isa = PBXFileReference; fileEncoding = 4; lastKnownFileType = sourcecode.c.h; path = ConnectionDelegate.h; sourceTree = "<group>"; };
		EA6CFC500FFE9BE500718304 /* ConnectionDelegate.m */ = {isa = PBXFileReference; fileEncoding = 4; lastKnownFileType = sourcecode.c.objc; path = ConnectionDelegate.m; sourceTree = "<group>"; };
		EA6CFC510FFE9BE500718304 /* NSHTTPURLResponse+Error.h */ = {isa = PBXFileReference; fileEncoding = 4; lastKnownFileType = sourcecode.c.h; path = "NSHTTPURLResponse+Error.h"; sourceTree = "<group>"; };
		EA6CFC520FFE9BE500718304 /* NSHTTPURLResponse+Error.m */ = {isa = PBXFileReference; fileEncoding = 4; lastKnownFileType = sourcecode.c.objc; path = "NSHTTPURLResponse+Error.m"; sourceTree = "<group>"; };
		EA6CFC530FFE9BE500718304 /* NSMutableURLRequest+ResponseType.h */ = {isa = PBXFileReference; fileEncoding = 4; lastKnownFileType = sourcecode.c.h; path = "NSMutableURLRequest+ResponseType.h"; sourceTree = "<group>"; };
		EA6CFC540FFE9BE500718304 /* NSMutableURLRequest+ResponseType.m */ = {isa = PBXFileReference; fileEncoding = 4; lastKnownFileType = sourcecode.c.objc; path = "NSMutableURLRequest+ResponseType.m"; sourceTree = "<group>"; };
		EA6CFC550FFE9BE500718304 /* NSObject+ObjectiveResource.h */ = {isa = PBXFileReference; fileEncoding = 4; lastKnownFileType = sourcecode.c.h; path = "NSObject+ObjectiveResource.h"; sourceTree = "<group>"; };
		EA6CFC560FFE9BE500718304 /* NSObject+ObjectiveResource.m */ = {isa = PBXFileReference; fileEncoding = 4; lastKnownFileType = sourcecode.c.objc; path = "NSObject+ObjectiveResource.m"; sourceTree = "<group>"; };
		EA6CFC590FFE9BE500718304 /* CoreSupport.h */ = {isa = PBXFileReference; fileEncoding = 4; lastKnownFileType = sourcecode.c.h; path = CoreSupport.h; sourceTree = "<group>"; };
		EA6CFC5B0FFE9BE500718304 /* NSString+InflectionSupport.h */ = {isa = PBXFileReference; fileEncoding = 4; lastKnownFileType = sourcecode.c.h; path = "NSString+InflectionSupport.h"; sourceTree = "<group>"; };
		EA6CFC5C0FFE9BE500718304 /* NSString+InflectionSupport.m */ = {isa = PBXFileReference; fileEncoding = 4; lastKnownFileType = sourcecode.c.objc; path = "NSString+InflectionSupport.m"; sourceTree = "<group>"; };
		EA6CFC5D0FFE9BE500718304 /* NSData+Additions.h */ = {isa = PBXFileReference; fileEncoding = 4; lastKnownFileType = sourcecode.c.h; path = "NSData+Additions.h"; sourceTree = "<group>"; };
		EA6CFC5E0FFE9BE500718304 /* NSData+Additions.m */ = {isa = PBXFileReference; fileEncoding = 4; lastKnownFileType = sourcecode.c.objc; path = "NSData+Additions.m"; sourceTree = "<group>"; };
		EA6CFC5F0FFE9BE500718304 /* NSObject+PropertySupport.h */ = {isa = PBXFileReference; fileEncoding = 4; lastKnownFileType = sourcecode.c.h; path = "NSObject+PropertySupport.h"; sourceTree = "<group>"; };
		EA6CFC600FFE9BE500718304 /* NSObject+PropertySupport.m */ = {isa = PBXFileReference; fileEncoding = 4; lastKnownFileType = sourcecode.c.objc; path = "NSObject+PropertySupport.m"; sourceTree = "<group>"; };
		EA6CFC610FFE9BE500718304 /* NSString+GSub.h */ = {isa = PBXFileReference; fileEncoding = 4; lastKnownFileType = sourcecode.c.h; path = "NSString+GSub.h"; sourceTree = "<group>"; };
		EA6CFC620FFE9BE500718304 /* NSString+GSub.m */ = {isa = PBXFileReference; fileEncoding = 4; lastKnownFileType = sourcecode.c.objc; path = "NSString+GSub.m"; sourceTree = "<group>"; };
		EA6CFC630FFE9BE500718304 /* ObjectiveResourceDateFormatter.h */ = {isa = PBXFileReference; fileEncoding = 4; lastKnownFileType = sourcecode.c.h; path = ObjectiveResourceDateFormatter.h; sourceTree = "<group>"; };
		EA6CFC640FFE9BE500718304 /* ObjectiveResourceDateFormatter.m */ = {isa = PBXFileReference; fileEncoding = 4; lastKnownFileType = sourcecode.c.objc; path = ObjectiveResourceDateFormatter.m; sourceTree = "<group>"; };
		EA6CFC650FFE9BE500718304 /* ObjectiveSupport.h */ = {isa = PBXFileReference; fileEncoding = 4; lastKnownFileType = sourcecode.c.h; path = ObjectiveSupport.h; sourceTree = "<group>"; };
		EA6CFC670FFE9BE500718304 /* JSONFramework.h */ = {isa = PBXFileReference; fileEncoding = 4; lastKnownFileType = sourcecode.c.h; path = JSONFramework.h; sourceTree = "<group>"; };
		EA6CFC680FFE9BE500718304 /* NSObject+SBJSON.h */ = {isa = PBXFileReference; fileEncoding = 4; lastKnownFileType = sourcecode.c.h; path = "NSObject+SBJSON.h"; sourceTree = "<group>"; };
		EA6CFC690FFE9BE500718304 /* NSObject+SBJSON.m */ = {isa = PBXFileReference; fileEncoding = 4; lastKnownFileType = sourcecode.c.objc; path = "NSObject+SBJSON.m"; sourceTree = "<group>"; };
		EA6CFC6A0FFE9BE500718304 /* NSString+SBJSON.h */ = {isa = PBXFileReference; fileEncoding = 4; lastKnownFileType = sourcecode.c.h; path = "NSString+SBJSON.h"; sourceTree = "<group>"; };
		EA6CFC6B0FFE9BE500718304 /* NSString+SBJSON.m */ = {isa = PBXFileReference; fileEncoding = 4; lastKnownFileType = sourcecode.c.objc; path = "NSString+SBJSON.m"; sourceTree = "<group>"; };
		EA6CFC6C0FFE9BE500718304 /* SBJSON.h */ = {isa = PBXFileReference; fileEncoding = 4; lastKnownFileType = sourcecode.c.h; path = SBJSON.h; sourceTree = "<group>"; };
		EA6CFC6D0FFE9BE500718304 /* SBJSON.m */ = {isa = PBXFileReference; fileEncoding = 4; lastKnownFileType = sourcecode.c.objc; path = SBJSON.m; sourceTree = "<group>"; };
		EA6CFC700FFE9BE500718304 /* JSONSerializable.h */ = {isa = PBXFileReference; fileEncoding = 4; lastKnownFileType = sourcecode.c.h; path = JSONSerializable.h; sourceTree = "<group>"; };
		EA6CFC710FFE9BE500718304 /* JSONSerializableSupport.h */ = {isa = PBXFileReference; fileEncoding = 4; lastKnownFileType = sourcecode.c.h; path = JSONSerializableSupport.h; sourceTree = "<group>"; };
		EA6CFC720FFE9BE500718304 /* NSArray+JSONSerializableSupport.h */ = {isa = PBXFileReference; fileEncoding = 4; lastKnownFileType = sourcecode.c.h; path = "NSArray+JSONSerializableSupport.h"; sourceTree = "<group>"; };
		EA6CFC730FFE9BE500718304 /* NSArray+JSONSerializableSupport.m */ = {isa = PBXFileReference; fileEncoding = 4; lastKnownFileType = sourcecode.c.objc; path = "NSArray+JSONSerializableSupport.m"; sourceTree = "<group>"; };
		EA6CFC740FFE9BE500718304 /* NSDictionary+JSONSerializableSupport.h */ = {isa = PBXFileReference; fileEncoding = 4; lastKnownFileType = sourcecode.c.h; path = "NSDictionary+JSONSerializableSupport.h"; sourceTree = "<group>"; };
		EA6CFC750FFE9BE500718304 /* NSDictionary+JSONSerializableSupport.m */ = {isa = PBXFileReference; fileEncoding = 4; lastKnownFileType = sourcecode.c.objc; path = "NSDictionary+JSONSerializableSupport.m"; sourceTree = "<group>"; };
		EA6CFC760FFE9BE500718304 /* NSObject+JSONSerializableSupport.h */ = {isa = PBXFileReference; fileEncoding = 4; lastKnownFileType = sourcecode.c.h; path = "NSObject+JSONSerializableSupport.h"; sourceTree = "<group>"; };
		EA6CFC770FFE9BE500718304 /* NSObject+JSONSerializableSupport.m */ = {isa = PBXFileReference; fileEncoding = 4; lastKnownFileType = sourcecode.c.objc; path = "NSObject+JSONSerializableSupport.m"; sourceTree = "<group>"; };
		EA6CFC780FFE9BE500718304 /* NSDate+Serialize.h */ = {isa = PBXFileReference; fileEncoding = 4; lastKnownFileType = sourcecode.c.h; path = "NSDate+Serialize.h"; sourceTree = "<group>"; };
		EA6CFC790FFE9BE500718304 /* NSDate+Serialize.m */ = {isa = PBXFileReference; fileEncoding = 4; lastKnownFileType = sourcecode.c.objc; path = "NSDate+Serialize.m"; sourceTree = "<group>"; };
		EA6CFC7A0FFE9BE500718304 /* NSDictionary+KeyTranslation.h */ = {isa = PBXFileReference; fileEncoding = 4; lastKnownFileType = sourcecode.c.h; path = "NSDictionary+KeyTranslation.h"; sourceTree = "<group>"; };
		EA6CFC7B0FFE9BE500718304 /* NSDictionary+KeyTranslation.m */ = {isa = PBXFileReference; fileEncoding = 4; lastKnownFileType = sourcecode.c.objc; path = "NSDictionary+KeyTranslation.m"; sourceTree = "<group>"; };
		EA6CFC7C0FFE9BE500718304 /* NSObject+Serialize.h */ = {isa = PBXFileReference; fileEncoding = 4; lastKnownFileType = sourcecode.c.h; path = "NSObject+Serialize.h"; sourceTree = "<group>"; };
		EA6CFC7D0FFE9BE500718304 /* NSObject+Serialize.m */ = {isa = PBXFileReference; fileEncoding = 4; lastKnownFileType = sourcecode.c.objc; path = "NSObject+Serialize.m"; sourceTree = "<group>"; };
		EA6CFC7E0FFE9BE500718304 /* NSString+Serialize.h */ = {isa = PBXFileReference; fileEncoding = 4; lastKnownFileType = sourcecode.c.h; path = "NSString+Serialize.h"; sourceTree = "<group>"; };
		EA6CFC7F0FFE9BE500718304 /* NSString+Serialize.m */ = {isa = PBXFileReference; fileEncoding = 4; lastKnownFileType = sourcecode.c.objc; path = "NSString+Serialize.m"; sourceTree = "<group>"; };
		EA6CFC800FFE9BE500718304 /* Serialize.h */ = {isa = PBXFileReference; fileEncoding = 4; lastKnownFileType = sourcecode.c.h; path = Serialize.h; sourceTree = "<group>"; };
		EA6CFC820FFE9BE500718304 /* FromXMLElementDelegate.h */ = {isa = PBXFileReference; fileEncoding = 4; lastKnownFileType = sourcecode.c.h; path = FromXMLElementDelegate.h; sourceTree = "<group>"; };
		EA6CFC830FFE9BE500718304 /* FromXMLElementDelegate.m */ = {isa = PBXFileReference; fileEncoding = 4; lastKnownFileType = sourcecode.c.objc; path = FromXMLElementDelegate.m; sourceTree = "<group>"; };
		EA6CFC840FFE9BE500718304 /* NSArray+XMLSerializableSupport.h */ = {isa = PBXFileReference; fileEncoding = 4; lastKnownFileType = sourcecode.c.h; path = "NSArray+XMLSerializableSupport.h"; sourceTree = "<group>"; };
		EA6CFC850FFE9BE500718304 /* NSArray+XMLSerializableSupport.m */ = {isa = PBXFileReference; fileEncoding = 4; lastKnownFileType = sourcecode.c.objc; path = "NSArray+XMLSerializableSupport.m"; sourceTree = "<group>"; };
		EA6CFC860FFE9BE500718304 /* NSDate+XMLSerializableSupport.h */ = {isa = PBXFileReference; fileEncoding = 4; lastKnownFileType = sourcecode.c.h; path = "NSDate+XMLSerializableSupport.h"; sourceTree = "<group>"; };
		EA6CFC870FFE9BE500718304 /* NSDate+XMLSerializableSupport.m */ = {isa = PBXFileReference; fileEncoding = 4; lastKnownFileType = sourcecode.c.objc; path = "NSDate+XMLSerializableSupport.m"; sourceTree = "<group>"; };
		EA6CFC880FFE9BE500718304 /* NSDictionary+XMLSerializableSupport.h */ = {isa = PBXFileReference; fileEncoding = 4; lastKnownFileType = sourcecode.c.h; path = "NSDictionary+XMLSerializableSupport.h"; sourceTree = "<group>"; };
		EA6CFC890FFE9BE500718304 /* NSDictionary+XMLSerializableSupport.m */ = {isa = PBXFileReference; fileEncoding = 4; lastKnownFileType = sourcecode.c.objc; path = "NSDictionary+XMLSerializableSupport.m"; sourceTree = "<group>"; };
		EA6CFC8A0FFE9BE500718304 /* NSNull+XMLSerializableSupport.h */ = {isa = PBXFileReference; fileEncoding = 4; lastKnownFileType = sourcecode.c.h; path = "NSNull+XMLSerializableSupport.h"; sourceTree = "<group>"; };
		EA6CFC8B0FFE9BE500718304 /* NSNull+XMLSerializableSupport.m */ = {isa = PBXFileReference; fileEncoding = 4; lastKnownFileType = sourcecode.c.objc; path = "NSNull+XMLSerializableSupport.m"; sourceTree = "<group>"; };
		EA6CFC8C0FFE9BE500718304 /* NSNumber+XMLSerializableSupport.h */ = {isa = PBXFileReference; fileEncoding = 4; lastKnownFileType = sourcecode.c.h; path = "NSNumber+XMLSerializableSupport.h"; sourceTree = "<group>"; };
		EA6CFC8D0FFE9BE500718304 /* NSNumber+XMLSerializableSupport.m */ = {isa = PBXFileReference; fileEncoding = 4; lastKnownFileType = sourcecode.c.objc; path = "NSNumber+XMLSerializableSupport.m"; sourceTree = "<group>"; };
		EA6CFC8E0FFE9BE500718304 /* NSObject+XMLSerializableSupport.h */ = {isa = PBXFileReference; fileEncoding = 4; lastKnownFileType = sourcecode.c.h; path = "NSObject+XMLSerializableSupport.h"; sourceTree = "<group>"; };
		EA6CFC8F0FFE9BE500718304 /* NSObject+XMLSerializableSupport.m */ = {isa = PBXFileReference; fileEncoding = 4; lastKnownFileType = sourcecode.c.objc; path = "NSObject+XMLSerializableSupport.m"; sourceTree = "<group>"; };
		EA6CFC900FFE9BE500718304 /* NSString+XMLSerializableSupport.h */ = {isa = PBXFileReference; fileEncoding = 4; lastKnownFileType = sourcecode.c.h; path = "NSString+XMLSerializableSupport.h"; sourceTree = "<group>"; };
		EA6CFC910FFE9BE500718304 /* NSString+XMLSerializableSupport.m */ = {isa = PBXFileReference; fileEncoding = 4; lastKnownFileType = sourcecode.c.objc; path = "NSString+XMLSerializableSupport.m"; sourceTree = "<group>"; };
		EA6CFC920FFE9BE500718304 /* XMLSerializable.h */ = {isa = PBXFileReference; fileEncoding = 4; lastKnownFileType = sourcecode.c.h; path = XMLSerializable.h; sourceTree = "<group>"; };
		EA6CFC930FFE9BE500718304 /* XMLSerializableSupport.h */ = {isa = PBXFileReference; fileEncoding = 4; lastKnownFileType = sourcecode.c.h; path = XMLSerializableSupport.h; sourceTree = "<group>"; };
		EA6CFC940FFE9BE500718304 /* ObjectiveResource.h */ = {isa = PBXFileReference; fileEncoding = 4; lastKnownFileType = sourcecode.c.h; path = ObjectiveResource.h; sourceTree = "<group>"; };
		EA6CFC950FFE9BE500718304 /* ObjectiveResourceConfig.h */ = {isa = PBXFileReference; fileEncoding = 4; lastKnownFileType = sourcecode.c.h; path = ObjectiveResourceConfig.h; sourceTree = "<group>"; };
		EA6CFC960FFE9BE500718304 /* ObjectiveResourceConfig.m */ = {isa = PBXFileReference; fileEncoding = 4; lastKnownFileType = sourcecode.c.objc; path = ObjectiveResourceConfig.m; sourceTree = "<group>"; };
		EA6CFC970FFE9BE500718304 /* Response.h */ = {isa = PBXFileReference; fileEncoding = 4; lastKnownFileType = sourcecode.c.h; path = Response.h; sourceTree = "<group>"; };
		EA6CFC980FFE9BE500718304 /* Response.m */ = {isa = PBXFileReference; fileEncoding = 4; lastKnownFileType = sourcecode.c.objc; path = Response.m; sourceTree = "<group>"; };
		EA860A2F106CF286003F47AE /* UserInfo.h */ = {isa = PBXFileReference; fileEncoding = 4; lastKnownFileType = sourcecode.c.h; name = UserInfo.h; path = Classes/UserInfo.h; sourceTree = "<group>"; };
		EA860A30106CF286003F47AE /* UserInfo.m */ = {isa = PBXFileReference; fileEncoding = 4; lastKnownFileType = sourcecode.c.objc; name = UserInfo.m; path = Classes/UserInfo.m; sourceTree = "<group>"; };
		EA93FBD7106AB3470074E008 /* Icon.png */ = {isa = PBXFileReference; lastKnownFileType = image.png; path = Icon.png; sourceTree = "<group>"; };
		EAA9D8AB106ACB600062605D /* Account.h */ = {isa = PBXFileReference; fileEncoding = 4; lastKnownFileType = sourcecode.c.h; name = Account.h; path = Classes/Account.h; sourceTree = "<group>"; };
		EAA9D8AC106ACB600062605D /* Account.m */ = {isa = PBXFileReference; fileEncoding = 4; lastKnownFileType = sourcecode.c.objc; name = Account.m; path = Classes/Account.m; sourceTree = "<group>"; };
		EAA9D8AD106ACB600062605D /* Bucket.h */ = {isa = PBXFileReference; fileEncoding = 4; lastKnownFileType = sourcecode.c.h; name = Bucket.h; path = Classes/Bucket.h; sourceTree = "<group>"; };
		EAA9D8AE106ACB600062605D /* Bucket.m */ = {isa = PBXFileReference; fileEncoding = 4; lastKnownFileType = sourcecode.c.objc; name = Bucket.m; path = Classes/Bucket.m; sourceTree = "<group>"; };
		EAA9D8B1106ACB6E0062605D /* Subscription.h */ = {isa = PBXFileReference; fileEncoding = 4; lastKnownFileType = sourcecode.c.h; name = Subscription.h; path = Classes/Subscription.h; sourceTree = "<group>"; };
		EAA9D8B2106ACB6E0062605D /* Subscription.m */ = {isa = PBXFileReference; fileEncoding = 4; lastKnownFileType = sourcecode.c.objc; name = Subscription.m; path = Classes/Subscription.m; sourceTree = "<group>"; };
		EAA9D8B4106ACB7C0062605D /* NSString+Util.h */ = {isa = PBXFileReference; fileEncoding = 4; lastKnownFileType = sourcecode.c.h; name = "NSString+Util.h"; path = "Classes/NSString+Util.h"; sourceTree = "<group>"; };
		EAA9D8B5106ACB7C0062605D /* NSString+Util.m */ = {isa = PBXFileReference; fileEncoding = 4; lastKnownFileType = sourcecode.c.objc; name = "NSString+Util.m"; path = "Classes/NSString+Util.m"; sourceTree = "<group>"; };
		EAB68CC8106D1EAF0094DCCC /* Security.framework */ = {isa = PBXFileReference; lastKnownFileType = wrapper.framework; name = Security.framework; path = System/Library/Frameworks/Security.framework; sourceTree = SDKROOT; };
/* End PBXFileReference section */

/* Begin PBXFrameworksBuildPhase section */
		1D60588F0D05DD3D006BFB54 /* Frameworks */ = {
			isa = PBXFrameworksBuildPhase;
			buildActionMask = 2147483647;
			files = (
				1D60589F0D05DD5A006BFB54 /* Foundation.framework in Frameworks */,
				1DF5F4E00D08C38300B7A737 /* UIKit.framework in Frameworks */,
				288765590DF743DE002DB57D /* CoreGraphics.framework in Frameworks */,
				EAB68CC9106D1EAF0094DCCC /* Security.framework in Frameworks */,
			);
			runOnlyForDeploymentPostprocessing = 0;
		};
/* End PBXFrameworksBuildPhase section */

/* Begin PBXGroup section */
		080E96DDFE201D6D7F000001 /* Application Delegate */ = {
			isa = PBXGroup;
			children = (
				1D3623240D0F684500981E51 /* BucketViewAppDelegate.h */,
				1D3623250D0F684500981E51 /* BucketViewAppDelegate.m */,
			);
			name = "Application Delegate";
			path = Classes;
			sourceTree = "<group>";
		};
		19C28FACFE9D520D11CA2CBB /* Products */ = {
			isa = PBXGroup;
			children = (
				1D6058910D05DD3D006BFB54 /* BucketView.app */,
			);
			name = Products;
			sourceTree = "<group>";
		};
		281C6CD70DB2D82200F60ACC /* Flipside View */ = {
			isa = PBXGroup;
			children = (
				289233A20DB2D0840083E9F9 /* FlipsideView.h */,
				289233A30DB2D0840083E9F9 /* FlipsideView.m */,
				289233AC0DB2D0DB0083E9F9 /* FlipsideViewController.h */,
				289233AD0DB2D0DB0083E9F9 /* FlipsideViewController.m */,
			);
			name = "Flipside View";
			sourceTree = "<group>";
		};
		289233A00DB2D0730083E9F9 /* Main View */ = {
			isa = PBXGroup;
			children = (
				289233A40DB2D0840083E9F9 /* MainView.h */,
				289233A50DB2D0840083E9F9 /* MainView.m */,
				289233A80DB2D0DB0083E9F9 /* MainViewController.h */,
				289233A90DB2D0DB0083E9F9 /* MainViewController.m */,
			);
			name = "Main View";
			sourceTree = "<group>";
		};
		29B97314FDCFA39411CA2CEA /* CustomTemplate */ = {
			isa = PBXGroup;
			children = (
				EA5B04151064330E009C8197 /* Util */,
				EAA67AF10FFEB19500CBD5A2 /* Models */,
				EA6CFC4C0FFE9BE400718304 /* objective_resource */,
				289233A00DB2D0730083E9F9 /* Main View */,
				281C6CD70DB2D82200F60ACC /* Flipside View */,
				080E96DDFE201D6D7F000001 /* Application Delegate */,
				29B97315FDCFA39411CA2CEA /* Other Sources */,
				29B97317FDCFA39411CA2CEA /* Resources */,
				29B97323FDCFA39411CA2CEA /* Frameworks */,
				19C28FACFE9D520D11CA2CBB /* Products */,
				EA3FAE4E106D3FDC00EAD182 /* Entitlements.plist */,
			);
			name = CustomTemplate;
			sourceTree = "<group>";
		};
		29B97315FDCFA39411CA2CEA /* Other Sources */ = {
			isa = PBXGroup;
			children = (
				32CA4F630368D1EE00C91783 /* BucketView_Prefix.pch */,
				29B97316FDCFA39411CA2CEA /* main.m */,
			);
			name = "Other Sources";
			sourceTree = "<group>";
		};
		29B97317FDCFA39411CA2CEA /* Resources */ = {
			isa = PBXGroup;
			children = (
				EA93FBD7106AB3470074E008 /* Icon.png */,
				280E754A0DD40C5E005A515E /* FlipsideView.xib */,
				280E754B0DD40C5E005A515E /* MainView.xib */,
				280E754C0DD40C5E005A515E /* MainWindow.xib */,
				8D1107310486CEB800E47090 /* BucketView-Info.plist */,
			);
			name = Resources;
			sourceTree = "<group>";
		};
		29B97323FDCFA39411CA2CEA /* Frameworks */ = {
			isa = PBXGroup;
			children = (
				EAB68CC8106D1EAF0094DCCC /* Security.framework */,
				1DF5F4DF0D08C38300B7A737 /* UIKit.framework */,
				1D30AB110D05D00D00671497 /* Foundation.framework */,
				288765580DF743DE002DB57D /* CoreGraphics.framework */,
			);
			name = Frameworks;
			sourceTree = "<group>";
		};
		EA5B04151064330E009C8197 /* Util */ = {
			isa = PBXGroup;
			children = (
				EA24174B106D214B00DBAFF1 /* SFHFKeychainUtils.h */,
				EA24174C106D214B00DBAFF1 /* SFHFKeychainUtils.m */,
				EAA9D8B4106ACB7C0062605D /* NSString+Util.h */,
				EAA9D8B5106ACB7C0062605D /* NSString+Util.m */,
				EA65A55C1088BDA600C93F08 /* FileUtil.h */,
				EA65A55D1088BDA600C93F08 /* FileUtil.m */,
			);
			name = Util;
			sourceTree = "<group>";
		};
		EA6CFC4C0FFE9BE400718304 /* objective_resource */ = {
			isa = PBXGroup;
			children = (
				EA6CFC4D0FFE9BE400718304 /* Connection.h */,
				EA6CFC4E0FFE9BE400718304 /* Connection.m */,
				EA6CFC4F0FFE9BE400718304 /* ConnectionDelegate.h */,
				EA6CFC500FFE9BE500718304 /* ConnectionDelegate.m */,
				EA6CFC510FFE9BE500718304 /* NSHTTPURLResponse+Error.h */,
				EA6CFC520FFE9BE500718304 /* NSHTTPURLResponse+Error.m */,
				EA6CFC530FFE9BE500718304 /* NSMutableURLRequest+ResponseType.h */,
				EA6CFC540FFE9BE500718304 /* NSMutableURLRequest+ResponseType.m */,
				EA6CFC550FFE9BE500718304 /* NSObject+ObjectiveResource.h */,
				EA6CFC560FFE9BE500718304 /* NSObject+ObjectiveResource.m */,
				EA6CFC570FFE9BE500718304 /* objective_support */,
				EA6CFC940FFE9BE500718304 /* ObjectiveResource.h */,
				EA6CFC950FFE9BE500718304 /* ObjectiveResourceConfig.h */,
				EA6CFC960FFE9BE500718304 /* ObjectiveResourceConfig.m */,
				EA6CFC970FFE9BE500718304 /* Response.h */,
				EA6CFC980FFE9BE500718304 /* Response.m */,
			);
			path = objective_resource;
			sourceTree = "<group>";
		};
		EA6CFC570FFE9BE500718304 /* objective_support */ = {
			isa = PBXGroup;
			children = (
				EA6CFC580FFE9BE500718304 /* Core */,
				EA6CFC660FFE9BE500718304 /* json-framework */,
				EA6CFC6E0FFE9BE500718304 /* Serialization */,
			);
			path = objective_support;
			sourceTree = "<group>";
		};
		EA6CFC580FFE9BE500718304 /* Core */ = {
			isa = PBXGroup;
			children = (
				EA6CFC590FFE9BE500718304 /* CoreSupport.h */,
				EA6CFC5A0FFE9BE500718304 /* Inflections */,
				EA6CFC5D0FFE9BE500718304 /* NSData+Additions.h */,
				EA6CFC5E0FFE9BE500718304 /* NSData+Additions.m */,
				EA6CFC5F0FFE9BE500718304 /* NSObject+PropertySupport.h */,
				EA6CFC600FFE9BE500718304 /* NSObject+PropertySupport.m */,
				EA6CFC610FFE9BE500718304 /* NSString+GSub.h */,
				EA6CFC620FFE9BE500718304 /* NSString+GSub.m */,
				EA6CFC630FFE9BE500718304 /* ObjectiveResourceDateFormatter.h */,
				EA6CFC640FFE9BE500718304 /* ObjectiveResourceDateFormatter.m */,
				EA6CFC650FFE9BE500718304 /* ObjectiveSupport.h */,
			);
			path = Core;
			sourceTree = "<group>";
		};
		EA6CFC5A0FFE9BE500718304 /* Inflections */ = {
			isa = PBXGroup;
			children = (
				EA6CFC5B0FFE9BE500718304 /* NSString+InflectionSupport.h */,
				EA6CFC5C0FFE9BE500718304 /* NSString+InflectionSupport.m */,
			);
			path = Inflections;
			sourceTree = "<group>";
		};
		EA6CFC660FFE9BE500718304 /* json-framework */ = {
			isa = PBXGroup;
			children = (
				EA6CFC670FFE9BE500718304 /* JSONFramework.h */,
				EA6CFC680FFE9BE500718304 /* NSObject+SBJSON.h */,
				EA6CFC690FFE9BE500718304 /* NSObject+SBJSON.m */,
				EA6CFC6A0FFE9BE500718304 /* NSString+SBJSON.h */,
				EA6CFC6B0FFE9BE500718304 /* NSString+SBJSON.m */,
				EA6CFC6C0FFE9BE500718304 /* SBJSON.h */,
				EA6CFC6D0FFE9BE500718304 /* SBJSON.m */,
			);
			path = "json-framework";
			sourceTree = "<group>";
		};
		EA6CFC6E0FFE9BE500718304 /* Serialization */ = {
			isa = PBXGroup;
			children = (
				EA6CFC6F0FFE9BE500718304 /* JSON */,
				EA6CFC780FFE9BE500718304 /* NSDate+Serialize.h */,
				EA6CFC790FFE9BE500718304 /* NSDate+Serialize.m */,
				EA6CFC7A0FFE9BE500718304 /* NSDictionary+KeyTranslation.h */,
				EA6CFC7B0FFE9BE500718304 /* NSDictionary+KeyTranslation.m */,
				EA6CFC7C0FFE9BE500718304 /* NSObject+Serialize.h */,
				EA6CFC7D0FFE9BE500718304 /* NSObject+Serialize.m */,
				EA6CFC7E0FFE9BE500718304 /* NSString+Serialize.h */,
				EA6CFC7F0FFE9BE500718304 /* NSString+Serialize.m */,
				EA6CFC800FFE9BE500718304 /* Serialize.h */,
				EA6CFC810FFE9BE500718304 /* XML */,
			);
			path = Serialization;
			sourceTree = "<group>";
		};
		EA6CFC6F0FFE9BE500718304 /* JSON */ = {
			isa = PBXGroup;
			children = (
				EA6CFC700FFE9BE500718304 /* JSONSerializable.h */,
				EA6CFC710FFE9BE500718304 /* JSONSerializableSupport.h */,
				EA6CFC720FFE9BE500718304 /* NSArray+JSONSerializableSupport.h */,
				EA6CFC730FFE9BE500718304 /* NSArray+JSONSerializableSupport.m */,
				EA6CFC740FFE9BE500718304 /* NSDictionary+JSONSerializableSupport.h */,
				EA6CFC750FFE9BE500718304 /* NSDictionary+JSONSerializableSupport.m */,
				EA6CFC760FFE9BE500718304 /* NSObject+JSONSerializableSupport.h */,
				EA6CFC770FFE9BE500718304 /* NSObject+JSONSerializableSupport.m */,
			);
			path = JSON;
			sourceTree = "<group>";
		};
		EA6CFC810FFE9BE500718304 /* XML */ = {
			isa = PBXGroup;
			children = (
				EA6CFC820FFE9BE500718304 /* FromXMLElementDelegate.h */,
				EA6CFC830FFE9BE500718304 /* FromXMLElementDelegate.m */,
				EA6CFC840FFE9BE500718304 /* NSArray+XMLSerializableSupport.h */,
				EA6CFC850FFE9BE500718304 /* NSArray+XMLSerializableSupport.m */,
				EA6CFC860FFE9BE500718304 /* NSDate+XMLSerializableSupport.h */,
				EA6CFC870FFE9BE500718304 /* NSDate+XMLSerializableSupport.m */,
				EA6CFC880FFE9BE500718304 /* NSDictionary+XMLSerializableSupport.h */,
				EA6CFC890FFE9BE500718304 /* NSDictionary+XMLSerializableSupport.m */,
				EA6CFC8A0FFE9BE500718304 /* NSNull+XMLSerializableSupport.h */,
				EA6CFC8B0FFE9BE500718304 /* NSNull+XMLSerializableSupport.m */,
				EA6CFC8C0FFE9BE500718304 /* NSNumber+XMLSerializableSupport.h */,
				EA6CFC8D0FFE9BE500718304 /* NSNumber+XMLSerializableSupport.m */,
				EA6CFC8E0FFE9BE500718304 /* NSObject+XMLSerializableSupport.h */,
				EA6CFC8F0FFE9BE500718304 /* NSObject+XMLSerializableSupport.m */,
				EA6CFC900FFE9BE500718304 /* NSString+XMLSerializableSupport.h */,
				EA6CFC910FFE9BE500718304 /* NSString+XMLSerializableSupport.m */,
				EA6CFC920FFE9BE500718304 /* XMLSerializable.h */,
				EA6CFC930FFE9BE500718304 /* XMLSerializableSupport.h */,
			);
			path = XML;
			sourceTree = "<group>";
		};
		EAA67AF10FFEB19500CBD5A2 /* Models */ = {
			isa = PBXGroup;
			children = (
				EAA9D8B1106ACB6E0062605D /* Subscription.h */,
				EAA9D8B2106ACB6E0062605D /* Subscription.m */,
				EAA9D8AB106ACB600062605D /* Account.h */,
				EAA9D8AC106ACB600062605D /* Account.m */,
				EAA9D8AD106ACB600062605D /* Bucket.h */,
				EAA9D8AE106ACB600062605D /* Bucket.m */,
				EA860A2F106CF286003F47AE /* UserInfo.h */,
				EA860A30106CF286003F47AE /* UserInfo.m */,
			);
			name = Models;
			sourceTree = "<group>";
		};
/* End PBXGroup section */

/* Begin PBXNativeTarget section */
		1D6058900D05DD3D006BFB54 /* BucketView */ = {
			isa = PBXNativeTarget;
			buildConfigurationList = 1D6058960D05DD3E006BFB54 /* Build configuration list for PBXNativeTarget "BucketView" */;
			buildPhases = (
				1D60588D0D05DD3D006BFB54 /* Resources */,
				1D60588E0D05DD3D006BFB54 /* Sources */,
				1D60588F0D05DD3D006BFB54 /* Frameworks */,
			);
			buildRules = (
			);
			dependencies = (
			);
			name = BucketView;
			productName = BucketView;
			productReference = 1D6058910D05DD3D006BFB54 /* BucketView.app */;
			productType = "com.apple.product-type.application";
		};
/* End PBXNativeTarget section */

/* Begin PBXProject section */
		29B97313FDCFA39411CA2CEA /* Project object */ = {
			isa = PBXProject;
			buildConfigurationList = C01FCF4E08A954540054247B /* Build configuration list for PBXProject "BucketView" */;
			compatibilityVersion = "Xcode 3.1";
			hasScannedForEncodings = 1;
			knownRegions = (
				English,
				Japanese,
				French,
				German,
				en,
			);
			mainGroup = 29B97314FDCFA39411CA2CEA /* CustomTemplate */;
			projectDirPath = "";
			projectRoot = "";
			targets = (
				1D6058900D05DD3D006BFB54 /* BucketView */,
			);
		};
/* End PBXProject section */

/* Begin PBXResourcesBuildPhase section */
		1D60588D0D05DD3D006BFB54 /* Resources */ = {
			isa = PBXResourcesBuildPhase;
			buildActionMask = 2147483647;
			files = (
				280E754D0DD40C5E005A515E /* FlipsideView.xib in Resources */,
				280E754E0DD40C5E005A515E /* MainView.xib in Resources */,
				280E754F0DD40C5E005A515E /* MainWindow.xib in Resources */,
				EA93FBD8106AB3470074E008 /* Icon.png in Resources */,
				EA3FAE4F106D3FDC00EAD182 /* Entitlements.plist in Resources */,
			);
			runOnlyForDeploymentPostprocessing = 0;
		};
/* End PBXResourcesBuildPhase section */

/* Begin PBXSourcesBuildPhase section */
		1D60588E0D05DD3D006BFB54 /* Sources */ = {
			isa = PBXSourcesBuildPhase;
			buildActionMask = 2147483647;
			files = (
				1D60589B0D05DD56006BFB54 /* main.m in Sources */,
				1D3623260D0F684500981E51 /* BucketViewAppDelegate.m in Sources */,
				289233A60DB2D0840083E9F9 /* FlipsideView.m in Sources */,
				289233A70DB2D0840083E9F9 /* MainView.m in Sources */,
				289233AE0DB2D0DB0083E9F9 /* MainViewController.m in Sources */,
				289233B00DB2D0DB0083E9F9 /* FlipsideViewController.m in Sources */,
				EA6CFC990FFE9BE500718304 /* Connection.m in Sources */,
				EA6CFC9A0FFE9BE500718304 /* ConnectionDelegate.m in Sources */,
				EA6CFC9B0FFE9BE500718304 /* NSHTTPURLResponse+Error.m in Sources */,
				EA6CFC9C0FFE9BE500718304 /* NSMutableURLRequest+ResponseType.m in Sources */,
				EA6CFC9D0FFE9BE500718304 /* NSObject+ObjectiveResource.m in Sources */,
				EA6CFC9E0FFE9BE500718304 /* NSString+InflectionSupport.m in Sources */,
				EA6CFC9F0FFE9BE500718304 /* NSData+Additions.m in Sources */,
				EA6CFCA00FFE9BE500718304 /* NSObject+PropertySupport.m in Sources */,
				EA6CFCA10FFE9BE500718304 /* NSString+GSub.m in Sources */,
				EA6CFCA20FFE9BE500718304 /* ObjectiveResourceDateFormatter.m in Sources */,
				EA6CFCA30FFE9BE500718304 /* NSObject+SBJSON.m in Sources */,
				EA6CFCA40FFE9BE500718304 /* NSString+SBJSON.m in Sources */,
				EA6CFCA50FFE9BE500718304 /* SBJSON.m in Sources */,
				EA6CFCA60FFE9BE500718304 /* NSArray+JSONSerializableSupport.m in Sources */,
				EA6CFCA70FFE9BE500718304 /* NSDictionary+JSONSerializableSupport.m in Sources */,
				EA6CFCA80FFE9BE500718304 /* NSObject+JSONSerializableSupport.m in Sources */,
				EA6CFCA90FFE9BE500718304 /* NSDate+Serialize.m in Sources */,
				EA6CFCAA0FFE9BE500718304 /* NSDictionary+KeyTranslation.m in Sources */,
				EA6CFCAB0FFE9BE500718304 /* NSObject+Serialize.m in Sources */,
				EA6CFCAC0FFE9BE500718304 /* NSString+Serialize.m in Sources */,
				EA6CFCAD0FFE9BE500718304 /* FromXMLElementDelegate.m in Sources */,
				EA6CFCAE0FFE9BE500718304 /* NSArray+XMLSerializableSupport.m in Sources */,
				EA6CFCAF0FFE9BE500718304 /* NSDate+XMLSerializableSupport.m in Sources */,
				EA6CFCB00FFE9BE500718304 /* NSDictionary+XMLSerializableSupport.m in Sources */,
				EA6CFCB10FFE9BE500718304 /* NSNull+XMLSerializableSupport.m in Sources */,
				EA6CFCB20FFE9BE500718304 /* NSNumber+XMLSerializableSupport.m in Sources */,
				EA6CFCB30FFE9BE500718304 /* NSObject+XMLSerializableSupport.m in Sources */,
				EA6CFCB40FFE9BE500718304 /* NSString+XMLSerializableSupport.m in Sources */,
				EA6CFCB50FFE9BE500718304 /* ObjectiveResourceConfig.m in Sources */,
				EA6CFCB60FFE9BE500718304 /* Response.m in Sources */,
				EAA9D8AF106ACB600062605D /* Account.m in Sources */,
				EAA9D8B0106ACB600062605D /* Bucket.m in Sources */,
				EAA9D8B3106ACB6E0062605D /* Subscription.m in Sources */,
				EAA9D8B6106ACB7C0062605D /* NSString+Util.m in Sources */,
				EA860A31106CF286003F47AE /* UserInfo.m in Sources */,
				EA24174D106D214B00DBAFF1 /* SFHFKeychainUtils.m in Sources */,
				EA65A55E1088BDA600C93F08 /* FileUtil.m in Sources */,
			);
			runOnlyForDeploymentPostprocessing = 0;
		};
/* End PBXSourcesBuildPhase section */

/* Begin XCBuildConfiguration section */
		1D6058940D05DD3E006BFB54 /* Debug */ = {
			isa = XCBuildConfiguration;
			buildSettings = {
				ALWAYS_SEARCH_USER_PATHS = NO;
				COPY_PHASE_STRIP = NO;
				GCC_DYNAMIC_NO_PIC = NO;
				GCC_OPTIMIZATION_LEVEL = 0;
				GCC_PRECOMPILE_PREFIX_HEADER = YES;
				GCC_PREFIX_HEADER = BucketView_Prefix.pch;
				INFOPLIST_FILE = "BucketView-Info.plist";
				PRODUCT_NAME = BucketView;
			};
			name = Debug;
		};
		1D6058950D05DD3E006BFB54 /* Release */ = {
			isa = XCBuildConfiguration;
			buildSettings = {
				ALWAYS_SEARCH_USER_PATHS = NO;
				COPY_PHASE_STRIP = YES;
				GCC_PRECOMPILE_PREFIX_HEADER = YES;
				GCC_PREFIX_HEADER = BucketView_Prefix.pch;
				INFOPLIST_FILE = "BucketView-Info.plist";
				PRODUCT_NAME = BucketView;
			};
			name = Release;
		};
		C01FCF4F08A954540054247B /* Debug */ = {
			isa = XCBuildConfiguration;
			buildSettings = {
				ARCHS = "$(ARCHS_STANDARD_32_BIT)";
				"CODE_SIGN_IDENTITY[sdk=iphoneos*]" = "iPhone Developer";
				GCC_C_LANGUAGE_STANDARD = c99;
				GCC_WARN_ABOUT_RETURN_TYPE = YES;
				GCC_WARN_UNUSED_VARIABLE = YES;
				PREBINDING = NO;
				SDKROOT = iphoneos3.0;
			};
			name = Debug;
		};
		C01FCF5008A954540054247B /* Release */ = {
			isa = XCBuildConfiguration;
			buildSettings = {
				ARCHS = "$(ARCHS_STANDARD_32_BIT)";
				"CODE_SIGN_IDENTITY[sdk=iphoneos*]" = "iPhone Developer";
				GCC_C_LANGUAGE_STANDARD = c99;
				GCC_WARN_ABOUT_RETURN_TYPE = YES;
				GCC_WARN_UNUSED_VARIABLE = YES;
				PREBINDING = NO;
				SDKROOT = iphoneos3.0;
			};
			name = Release;
		};
		EA3FAE32106D3D7800EAD182 /* Distribution */ = {
			isa = XCBuildConfiguration;
			buildSettings = {
				ARCHS = "$(ARCHS_STANDARD_32_BIT)";
				"CODE_SIGN_IDENTITY[sdk=iphoneos*]" = "iPhone Distribution: Tony Eichelberger";
				GCC_C_LANGUAGE_STANDARD = c99;
				GCC_WARN_ABOUT_RETURN_TYPE = YES;
				GCC_WARN_UNUSED_VARIABLE = YES;
				PREBINDING = NO;
				"PROVISIONING_PROFILE[sdk=iphoneos*]" = "9B7B81AD-8CFC-4204-909E-52C463433E51";
				SDKROOT = iphoneos3.0;
			};
			name = Distribution;
		};
		EA3FAE33106D3D7800EAD182 /* Distribution */ = {
			isa = XCBuildConfiguration;
			buildSettings = {
				ALWAYS_SEARCH_USER_PATHS = NO;
				CODE_SIGN_ENTITLEMENTS = Entitlements.plist;
				COPY_PHASE_STRIP = YES;
				GCC_PRECOMPILE_PREFIX_HEADER = YES;
				GCC_PREFIX_HEADER = BucketView_Prefix.pch;
				INFOPLIST_FILE = "BucketView-Info.plist";
				PRODUCT_NAME = BucketView;
			};
			name = Distribution;
		};
/* End XCBuildConfiguration section */

/* Begin XCConfigurationList section */
		1D6058960D05DD3E006BFB54 /* Build configuration list for PBXNativeTarget "BucketView" */ = {
			isa = XCConfigurationList;
			buildConfigurations = (
				1D6058940D05DD3E006BFB54 /* Debug */,
				1D6058950D05DD3E006BFB54 /* Release */,
				EA3FAE33106D3D7800EAD182 /* Distribution */,
			);
			defaultConfigurationIsVisible = 0;
			defaultConfigurationName = Release;
		};
		C01FCF4E08A954540054247B /* Build configuration list for PBXProject "BucketView" */ = {
			isa = XCConfigurationList;
			buildConfigurations = (
				C01FCF4F08A954540054247B /* Debug */,
				C01FCF5008A954540054247B /* Release */,
				EA3FAE32106D3D7800EAD182 /* Distribution */,
			);
			defaultConfigurationIsVisible = 0;
			defaultConfigurationName = Release;
		};
/* End XCConfigurationList section */
	};
	rootObject = 29B97313FDCFA39411CA2CEA /* Project object */;
}
